
Microsoft Visual Studio Solution File, Format Version 12.00
# Visual Studio Version 16
VisualStudioVersion = 16.0.29519.87
MinimumVisualStudioVersion = 15.0.26124.0
Project("{2150E333-8FDC-42A3-9474-1A3956D46DE8}") = "src", "src", "{D1CDEDEB-D01E-4DFC-A89F-4A38F8A32521}"
EndProject
Project("{2150E333-8FDC-42A3-9474-1A3956D46DE8}") = "tests", "tests", "{D00B7286-E855-4EBB-8201-E9F375872B9C}"
EndProject
Project("{2150E333-8FDC-42A3-9474-1A3956D46DE8}") = "Configuration", "Configuration", "{490152BB-D5E0-40F6-A791-6B9C3A9178BB}"
	ProjectSection(SolutionItems) = preProject
		.editorconfig = .editorconfig
		.gitignore = .gitignore
		Directory.Build.props = Directory.Build.props
		Directory.Build.targets = Directory.Build.targets
		dotnet.ruleset = dotnet.ruleset
		stylecop.json = stylecop.json
	EndProjectSection
EndProject
Project("{9A19103F-16F7-4668-BE54-9A1E7A4F7556}") = "NoviSample.Services", "src\NoviSample.Services\NoviSample.Services.csproj", "{907F9B88-03F2-40B5-8801-D69E5E967288}"
EndProject
Project("{9A19103F-16F7-4668-BE54-9A1E7A4F7556}") = "NoviSample.Debugger", "tests\NoviSample.Debugger\NoviSample.Debugger.csproj", "{66770D83-BC47-4AAB-9608-D2CF37F8A463}"
EndProject
Project("{9A19103F-16F7-4668-BE54-9A1E7A4F7556}") = "NoviSample.Api", "src\NoviSample.Api\NoviSample.Api.csproj", "{5B324710-8C46-4D2C-B779-CA4E558A7500}"
EndProject
Project("{9A19103F-16F7-4668-BE54-9A1E7A4F7556}") = "NoviSample.Persistence", "src\NoviSample.Persistence\NoviSample.Persistence.csproj", "{E636B845-989D-4ADA-AFAD-6E2C03E86ACF}"
EndProject
Project("{FAE04EC0-301F-11D3-BF4B-00C04F79EFBC}") = "NoviSample.HostedServices", "src\NoviSample.HostedServices\NoviSample.HostedServices.csproj", "{3446A299-C4E6-4610-8E9E-6E1003F8418E}"
EndProject
Global
	GlobalSection(SolutionConfigurationPlatforms) = preSolution
		Debug|Any CPU = Debug|Any CPU
		Release|Any CPU = Release|Any CPU
	EndGlobalSection
	GlobalSection(ProjectConfigurationPlatforms) = postSolution
		{907F9B88-03F2-40B5-8801-D69E5E967288}.Debug|Any CPU.ActiveCfg = Debug|Any CPU
		{907F9B88-03F2-40B5-8801-D69E5E967288}.Debug|Any CPU.Build.0 = Debug|Any CPU
		{907F9B88-03F2-40B5-8801-D69E5E967288}.Release|Any CPU.ActiveCfg = Release|Any CPU
		{907F9B88-03F2-40B5-8801-D69E5E967288}.Release|Any CPU.Build.0 = Release|Any CPU
		{66770D83-BC47-4AAB-9608-D2CF37F8A463}.Debug|Any CPU.ActiveCfg = Debug|Any CPU
		{66770D83-BC47-4AAB-9608-D2CF37F8A463}.Debug|Any CPU.Build.0 = Debug|Any CPU
		{66770D83-BC47-4AAB-9608-D2CF37F8A463}.Release|Any CPU.ActiveCfg = Release|Any CPU
		{66770D83-BC47-4AAB-9608-D2CF37F8A463}.Release|Any CPU.Build.0 = Release|Any CPU
		{5B324710-8C46-4D2C-B779-CA4E558A7500}.Debug|Any CPU.ActiveCfg = Debug|Any CPU
		{5B324710-8C46-4D2C-B779-CA4E558A7500}.Debug|Any CPU.Build.0 = Debug|Any CPU
		{5B324710-8C46-4D2C-B779-CA4E558A7500}.Release|Any CPU.ActiveCfg = Release|Any CPU
		{5B324710-8C46-4D2C-B779-CA4E558A7500}.Release|Any CPU.Build.0 = Release|Any CPU
		{E636B845-989D-4ADA-AFAD-6E2C03E86ACF}.Debug|Any CPU.ActiveCfg = Debug|Any CPU
		{E636B845-989D-4ADA-AFAD-6E2C03E86ACF}.Debug|Any CPU.Build.0 = Debug|Any CPU
		{E636B845-989D-4ADA-AFAD-6E2C03E86ACF}.Release|Any CPU.ActiveCfg = Release|Any CPU
		{E636B845-989D-4ADA-AFAD-6E2C03E86ACF}.Release|Any CPU.Build.0 = Release|Any CPU
		{3446A299-C4E6-4610-8E9E-6E1003F8418E}.Debug|Any CPU.ActiveCfg = Debug|Any CPU
		{3446A299-C4E6-4610-8E9E-6E1003F8418E}.Debug|Any CPU.Build.0 = Debug|Any CPU
		{3446A299-C4E6-4610-8E9E-6E1003F8418E}.Release|Any CPU.ActiveCfg = Release|Any CPU
		{3446A299-C4E6-4610-8E9E-6E1003F8418E}.Release|Any CPU.Build.0 = Release|Any CPU
	EndGlobalSection
	GlobalSection(SolutionProperties) = preSolution
		HideSolutionNode = FALSE
	EndGlobalSection
	GlobalSection(NestedProjects) = preSolution
		{907F9B88-03F2-40B5-8801-D69E5E967288} = {D1CDEDEB-D01E-4DFC-A89F-4A38F8A32521}
		{66770D83-BC47-4AAB-9608-D2CF37F8A463} = {D00B7286-E855-4EBB-8201-E9F375872B9C}
		{5B324710-8C46-4D2C-B779-CA4E558A7500} = {D1CDEDEB-D01E-4DFC-A89F-4A38F8A32521}
		{E636B845-989D-4ADA-AFAD-6E2C03E86ACF} = {D1CDEDEB-D01E-4DFC-A89F-4A38F8A32521}
		{3446A299-C4E6-4610-8E9E-6E1003F8418E} = {D1CDEDEB-D01E-4DFC-A89F-4A38F8A32521}
	EndGlobalSection
	GlobalSection(ExtensibilityGlobals) = postSolution
		SolutionGuid = {B3E4454F-5B25-4BC5-9488-0C4E860382D1}
	EndGlobalSection
EndGlobal
